
Microsoft Visual Studio Solution File, Format Version 12.00
# Visual Studio Version 16
VisualStudioVersion = 16.0.29613.14
MinimumVisualStudioVersion = 10.0.40219.1
Project("{FAE04EC0-301F-11D3-BF4B-00C04F79EFBC}") = "PiXl", "PiXl\PiXl.csproj", "{49F5557F-DA75-4B40-8AF3-77F1B7F404C9}"
EndProject
Project("{FAE04EC0-301F-11D3-BF4B-00C04F79EFBC}") = "Glitch", "Glitch\Glitch.csproj", "{5D3AD59E-37D8-4CB2-B38D-97C26BAD29D7}"
EndProject
Project("{FAE04EC0-301F-11D3-BF4B-00C04F79EFBC}") = "GlitchPayloads", "GlitchPayloads\GlitchPayloads.csproj", "{9668A1F9-CF2E-4497-AB0D-DC96C1DE475D}"
EndProject
Project("{2150E333-8FDC-42A3-9474-1A3956D46DE8}") = "Solution Items", "Solution Items", "{1391A2F0-11E0-435E-B565-3480FF987751}"
ProjectSection(SolutionItems) = preProject
	.gitignore = .gitignore
	README.md = README.md
EndProjectSection
EndProject
Project("{FAE04EC0-301F-11D3-BF4B-00C04F79EFBC}") = "Misc", "Misc\Misc.csproj", "{AF2932E2-1571-4ABA-9F86-72EC54B390B1}"
EndProject
Global
	GlobalSection(SolutionConfigurationPlatforms) = preSolution
		Debug|Any CPU = Debug|Any CPU
		Release|Any CPU = Release|Any CPU
	EndGlobalSection
	GlobalSection(ProjectConfigurationPlatforms) = postSolution
		{49F5557F-DA75-4B40-8AF3-77F1B7F404C9}.Debug|Any CPU.ActiveCfg = Debug|Any CPU
		{49F5557F-DA75-4B40-8AF3-77F1B7F404C9}.Debug|Any CPU.Build.0 = Debug|Any CPU
		{49F5557F-DA75-4B40-8AF3-77F1B7F404C9}.Release|Any CPU.ActiveCfg = Release|Any CPU
		{49F5557F-DA75-4B40-8AF3-77F1B7F404C9}.Release|Any CPU.Build.0 = Release|Any CPU
		{5D3AD59E-37D8-4CB2-B38D-97C26BAD29D7}.Debug|Any CPU.ActiveCfg = Debug|Any CPU
		{5D3AD59E-37D8-4CB2-B38D-97C26BAD29D7}.Debug|Any CPU.Build.0 = Debug|Any CPU
		{5D3AD59E-37D8-4CB2-B38D-97C26BAD29D7}.Release|Any CPU.ActiveCfg = Release|Any CPU
		{5D3AD59E-37D8-4CB2-B38D-97C26BAD29D7}.Release|Any CPU.Build.0 = Release|Any CPU
		{9668A1F9-CF2E-4497-AB0D-DC96C1DE475D}.Debug|Any CPU.ActiveCfg = Debug|Any CPU
		{9668A1F9-CF2E-4497-AB0D-DC96C1DE475D}.Debug|Any CPU.Build.0 = Debug|Any CPU
		{9668A1F9-CF2E-4497-AB0D-DC96C1DE475D}.Release|Any CPU.ActiveCfg = Release|Any CPU
		{9668A1F9-CF2E-4497-AB0D-DC96C1DE475D}.Release|Any CPU.Build.0 = Release|Any CPU
		{AF2932E2-1571-4ABA-9F86-72EC54B390B1}.Debug|Any CPU.ActiveCfg = Debug|Any CPU
		{AF2932E2-1571-4ABA-9F86-72EC54B390B1}.Debug|Any CPU.Build.0 = Debug|Any CPU
		{AF2932E2-1571-4ABA-9F86-72EC54B390B1}.Release|Any CPU.ActiveCfg = Release|Any CPU
		{AF2932E2-1571-4ABA-9F86-72EC54B390B1}.Release|Any CPU.Build.0 = Release|Any CPU
	EndGlobalSection
	GlobalSection(SolutionProperties) = preSolution
		HideSolutionNode = FALSE
	EndGlobalSection
	GlobalSection(ExtensibilityGlobals) = postSolution
		SolutionGuid = {E82208F6-489C-4CA5-8004-D0D5F3A68C75}
	EndGlobalSection
EndGlobal
